# THIS IS AN AUTOGENERATED FILE. DO NOT EDIT THIS FILE DIRECTLY.
# yarn lockfile v1


"@figma-plugin/helpers@^0.1.0":
  version "0.1.0"
  resolved "https://registry.yarnpkg.com/@figma-plugin/helpers/-/helpers-0.1.0.tgz#0c1f43557cb5c6fa3205833d562b76c7c7c846cf"
  integrity sha512-DiXOAdsbOnY3HpbZaslwW0P1EZ1AKIkmXpBzuFdThqT96fwcYvPa8FUCcTc4XSV0vPErO3wrBdreoKt9nOMkAg==
